// !$*UTF8*$!
{
	archiveVersion = 1;
	classes = {
	};
	objectVersion = 50;
	objects = {

/* Begin PBXBuildFile section */
		DF0607AF23A1E09600AEC1EF /* AppDelegate.swift in Sources */ = {isa = PBXBuildFile; fileRef = DF0607AE23A1E09600AEC1EF /* AppDelegate.swift */; };
		DF0607B123A1E09600AEC1EF /* SceneDelegate.swift in Sources */ = {isa = PBXBuildFile; fileRef = DF0607B023A1E09600AEC1EF /* SceneDelegate.swift */; };
		DF0607B523A1E09800AEC1EF /* Assets.xcassets in Resources */ = {isa = PBXBuildFile; fileRef = DF0607B423A1E09800AEC1EF /* Assets.xcassets */; };
		DF0607B823A1E09800AEC1EF /* Preview Assets.xcassets in Resources */ = {isa = PBXBuildFile; fileRef = DF0607B723A1E09800AEC1EF /* Preview Assets.xcassets */; };
		DF0607BB23A1E09800AEC1EF /* LaunchScreen.storyboard in Resources */ = {isa = PBXBuildFile; fileRef = DF0607B923A1E09800AEC1EF /* LaunchScreen.storyboard */; };
		DF0607CE23A1E4E900AEC1EF /* Index.swift in Sources */ = {isa = PBXBuildFile; fileRef = DF0607CD23A1E4E900AEC1EF /* Index.swift */; };
		DF0607D023A20ADA00AEC1EF /* MobileNet.mlmodel in Sources */ = {isa = PBXBuildFile; fileRef = DF0607CF23A20ADA00AEC1EF /* MobileNet.mlmodel */; };
		DF0607D423A21D8F00AEC1EF /* ClassificationView.swift in Sources */ = {isa = PBXBuildFile; fileRef = DF0607D323A21D8F00AEC1EF /* ClassificationView.swift */; };
		DF48A73F23ACB36300C02059 /* PreviewViewController.swift in Sources */ = {isa = PBXBuildFile; fileRef = DF48A73D23ACB36300C02059 /* PreviewViewController.swift */; };
		DFCF207323A8A779001994D7 /* PreviewView.swift in Sources */ = {isa = PBXBuildFile; fileRef = DFCF207223A8A779001994D7 /* PreviewView.swift */; };
/* End PBXBuildFile section */

/* Begin PBXFileReference section */
		DF0607AB23A1E09600AEC1EF /* BoringAI.app */ = {isa = PBXFileReference; explicitFileType = wrapper.application; includeInIndex = 0; path = BoringAI.app; sourceTree = BUILT_PRODUCTS_DIR; };
		DF0607AE23A1E09600AEC1EF /* AppDelegate.swift */ = {isa = PBXFileReference; lastKnownFileType = sourcecode.swift; path = AppDelegate.swift; sourceTree = "<group>"; };
		DF0607B023A1E09600AEC1EF /* SceneDelegate.swift */ = {isa = PBXFileReference; lastKnownFileType = sourcecode.swift; path = SceneDelegate.swift; sourceTree = "<group>"; };
		DF0607B423A1E09800AEC1EF /* Assets.xcassets */ = {isa = PBXFileReference; lastKnownFileType = folder.assetcatalog; path = Assets.xcassets; sourceTree = "<group>"; };
		DF0607B723A1E09800AEC1EF /* Preview Assets.xcassets */ = {isa = PBXFileReference; lastKnownFileType = folder.assetcatalog; path = "Preview Assets.xcassets"; sourceTree = "<group>"; };
		DF0607BA23A1E09800AEC1EF /* Base */ = {isa = PBXFileReference; lastKnownFileType = file.storyboard; name = Base; path = Base.lproj/LaunchScreen.storyboard; sourceTree = "<group>"; };
		DF0607BC23A1E09800AEC1EF /* Info.plist */ = {isa = PBXFileReference; lastKnownFileType = text.plist.xml; path = Info.plist; sourceTree = "<group>"; };
		DF0607CD23A1E4E900AEC1EF /* Index.swift */ = {isa = PBXFileReference; lastKnownFileType = sourcecode.swift; path = Index.swift; sourceTree = "<group>"; };
		DF0607CF23A20ADA00AEC1EF /* MobileNet.mlmodel */ = {isa = PBXFileReference; lastKnownFileType = file.mlmodel; path = MobileNet.mlmodel; sourceTree = "<group>"; };
		DF0607D323A21D8F00AEC1EF /* ClassificationView.swift */ = {isa = PBXFileReference; lastKnownFileType = sourcecode.swift; path = ClassificationView.swift; sourceTree = "<group>"; };
		DF48A73D23ACB36300C02059 /* PreviewViewController.swift */ = {isa = PBXFileReference; lastKnownFileType = sourcecode.swift; path = PreviewViewController.swift; sourceTree = "<group>"; };
		DFCF207223A8A779001994D7 /* PreviewView.swift */ = {isa = PBXFileReference; lastKnownFileType = sourcecode.swift; path = PreviewView.swift; sourceTree = "<group>"; };
/* End PBXFileReference section */

/* Begin PBXFrameworksBuildPhase section */
		DF0607A823A1E09600AEC1EF /* Frameworks */ = {
			isa = PBXFrameworksBuildPhase;
			buildActionMask = 2147483647;
			files = (
			);
			runOnlyForDeploymentPostprocessing = 0;
		};
/* End PBXFrameworksBuildPhase section */

/* Begin PBXGroup section */
		DF0607A223A1E09600AEC1EF = {
			isa = PBXGroup;
			children = (
				DF0607AD23A1E09600AEC1EF /* BoringAI */,
				DF0607AC23A1E09600AEC1EF /* Products */,
			);
			sourceTree = "<group>";
		};
		DF0607AC23A1E09600AEC1EF /* Products */ = {
			isa = PBXGroup;
			children = (
				DF0607AB23A1E09600AEC1EF /* BoringAI.app */,
			);
			name = Products;
			sourceTree = "<group>";
		};
		DF0607AD23A1E09600AEC1EF /* BoringAI */ = {
			isa = PBXGroup;
			children = (
				DF0607C623A1E15300AEC1EF /* Models */,
				DF0607C523A1E14C00AEC1EF /* ViewModels */,
				DF0607C423A1E13F00AEC1EF /* Views */,
				DF0607C223A1E11100AEC1EF /* System */,
				DF0607C323A1E12800AEC1EF /* Resources */,
			);
			path = BoringAI;
			sourceTree = "<group>";
		};
		DF0607C223A1E11100AEC1EF /* System */ = {
			isa = PBXGroup;
			children = (
				DF0607AE23A1E09600AEC1EF /* AppDelegate.swift */,
				DF0607B023A1E09600AEC1EF /* SceneDelegate.swift */,
				DF0607B923A1E09800AEC1EF /* LaunchScreen.storyboard */,
			);
			path = System;
			sourceTree = "<group>";
		};
		DF0607C323A1E12800AEC1EF /* Resources */ = {
			isa = PBXGroup;
			children = (
				DF0607B423A1E09800AEC1EF /* Assets.xcassets */,
				DF0607B723A1E09800AEC1EF /* Preview Assets.xcassets */,
				DF0607BC23A1E09800AEC1EF /* Info.plist */,
			);
			path = Resources;
			sourceTree = "<group>";
		};
		DF0607C423A1E13F00AEC1EF /* Views */ = {
			isa = PBXGroup;
			children = (
				DF0607CC23A1E4DD00AEC1EF /* Screens */,
				DF0607CB23A1E4D400AEC1EF /* Components */,
			);
			path = Views;
			sourceTree = "<group>";
		};
		DF0607C523A1E14C00AEC1EF /* ViewModels */ = {
			isa = PBXGroup;
			children = (
			);
			path = ViewModels;
			sourceTree = "<group>";
		};
		DF0607C623A1E15300AEC1EF /* Models */ = {
			isa = PBXGroup;
			children = (
				DF0607CF23A20ADA00AEC1EF /* MobileNet.mlmodel */,
			);
			path = Models;
			sourceTree = "<group>";
		};
		DF0607CB23A1E4D400AEC1EF /* Components */ = {
			isa = PBXGroup;
			children = (
				DFCF207223A8A779001994D7 /* PreviewView.swift */,
				DF48A73D23ACB36300C02059 /* PreviewViewController.swift */,
			);
			path = Components;
			sourceTree = "<group>";
		};
		DF0607CC23A1E4DD00AEC1EF /* Screens */ = {
			isa = PBXGroup;
			children = (
				DF0607CD23A1E4E900AEC1EF /* Index.swift */,
				DF0607D323A21D8F00AEC1EF /* ClassificationView.swift */,
			);
			path = Screens;
			sourceTree = "<group>";
		};
/* End PBXGroup section */

/* Begin PBXNativeTarget section */
		DF0607AA23A1E09600AEC1EF /* BoringAI */ = {
			isa = PBXNativeTarget;
			buildConfigurationList = DF0607BF23A1E09800AEC1EF /* Build configuration list for PBXNativeTarget "BoringAI" */;
			buildPhases = (
				DF0607A723A1E09600AEC1EF /* Sources */,
				DF0607A823A1E09600AEC1EF /* Frameworks */,
				DF0607A923A1E09600AEC1EF /* Resources */,
			);
			buildRules = (
			);
			dependencies = (
			);
			name = BoringAI;
			productName = BoringAI;
			productReference = DF0607AB23A1E09600AEC1EF /* BoringAI.app */;
			productType = "com.apple.product-type.application";
		};
/* End PBXNativeTarget section */

/* Begin PBXProject section */
		DF0607A323A1E09600AEC1EF /* Project object */ = {
			isa = PBXProject;
			attributes = {
				LastSwiftUpdateCheck = 1120;
				LastUpgradeCheck = 1120;
				ORGANIZATIONNAME = "Shydow Lee";
				TargetAttributes = {
					DF0607AA23A1E09600AEC1EF = {
						CreatedOnToolsVersion = 11.2.1;
					};
				};
			};
			buildConfigurationList = DF0607A623A1E09600AEC1EF /* Build configuration list for PBXProject "BoringAI" */;
			compatibilityVersion = "Xcode 9.3";
			developmentRegion = en;
			hasScannedForEncodings = 0;
			knownRegions = (
				en,
				Base,
			);
			mainGroup = DF0607A223A1E09600AEC1EF;
			productRefGroup = DF0607AC23A1E09600AEC1EF /* Products */;
			projectDirPath = "";
			projectRoot = "";
			targets = (
				DF0607AA23A1E09600AEC1EF /* BoringAI */,
			);
		};
/* End PBXProject section */

/* Begin PBXResourcesBuildPhase section */
		DF0607A923A1E09600AEC1EF /* Resources */ = {
			isa = PBXResourcesBuildPhase;
			buildActionMask = 2147483647;
			files = (
				DF0607BB23A1E09800AEC1EF /* LaunchScreen.storyboard in Resources */,
				DF0607B823A1E09800AEC1EF /* Preview Assets.xcassets in Resources */,
				DF0607B523A1E09800AEC1EF /* Assets.xcassets in Resources */,
			);
			runOnlyForDeploymentPostprocessing = 0;
		};
/* End PBXResourcesBuildPhase section */

/* Begin PBXSourcesBuildPhase section */
		DF0607A723A1E09600AEC1EF /* Sources */ = {
			isa = PBXSourcesBuildPhase;
			buildActionMask = 2147483647;
			files = (
				DF0607AF23A1E09600AEC1EF /* AppDelegate.swift in Sources */,
				DF0607D423A21D8F00AEC1EF /* ClassificationView.swift in Sources */,
				DFCF207323A8A779001994D7 /* PreviewView.swift in Sources */,
				DF48A73F23ACB36300C02059 /* PreviewViewController.swift in Sources */,
				DF0607B123A1E09600AEC1EF /* SceneDelegate.swift in Sources */,
				DF0607D023A20ADA00AEC1EF /* MobileNet.mlmodel in Sources */,
				DF0607CE23A1E4E900AEC1EF /* Index.swift in Sources */,
			);
			runOnlyForDeploymentPostprocessing = 0;
		};
/* End PBXSourcesBuildPhase section */

/* Begin PBXVariantGroup section */
		DF0607B923A1E09800AEC1EF /* LaunchScreen.storyboard */ = {
			isa = PBXVariantGroup;
			children = (
				DF0607BA23A1E09800AEC1EF /* Base */,
			);
			name = LaunchScreen.storyboard;
			sourceTree = "<group>";
		};
/* End PBXVariantGroup section */

/* Begin XCBuildConfiguration section */
		DF0607BD23A1E09800AEC1EF /* Debug */ = {
			isa = XCBuildConfiguration;
			buildSettings = {
				ALWAYS_SEARCH_USER_PATHS = NO;
				CLANG_ANALYZER_NONNULL = YES;
				CLANG_ANALYZER_NUMBER_OBJECT_CONVERSION = YES_AGGRESSIVE;
				CLANG_CXX_LANGUAGE_STANDARD = "gnu++14";
				CLANG_CXX_LIBRARY = "libc++";
				CLANG_ENABLE_MODULES = YES;
				CLANG_ENABLE_OBJC_ARC = YES;
				CLANG_ENABLE_OBJC_WEAK = YES;
				CLANG_WARN_BLOCK_CAPTURE_AUTORELEASING = YES;
				CLANG_WARN_BOOL_CONVERSION = YES;
				CLANG_WARN_COMMA = YES;
				CLANG_WARN_CONSTANT_CONVERSION = YES;
				CLANG_WARN_DEPRECATED_OBJC_IMPLEMENTATIONS = YES;
				CLANG_WARN_DIRECT_OBJC_ISA_USAGE = YES_ERROR;
				CLANG_WARN_DOCUMENTATION_COMMENTS = YES;
				CLANG_WARN_EMPTY_BODY = YES;
				CLANG_WARN_ENUM_CONVERSION = YES;
				CLANG_WARN_INFINITE_RECURSION = YES;
				CLANG_WARN_INT_CONVERSION = YES;
				CLANG_WARN_NON_LITERAL_NULL_CONVERSION = YES;
				CLANG_WARN_OBJC_IMPLICIT_RETAIN_SELF = YES;
				CLANG_WARN_OBJC_LITERAL_CONVERSION = YES;
				CLANG_WARN_OBJC_ROOT_CLASS = YES_ERROR;
				CLANG_WARN_RANGE_LOOP_ANALYSIS = YES;
				CLANG_WARN_STRICT_PROTOTYPES = YES;
				CLANG_WARN_SUSPICIOUS_MOVE = YES;
				CLANG_WARN_UNGUARDED_AVAILABILITY = YES_AGGRESSIVE;
				CLANG_WARN_UNREACHABLE_CODE = YES;
				CLANG_WARN__DUPLICATE_METHOD_MATCH = YES;
				COPY_PHASE_STRIP = NO;
				DEBUG_INFORMATION_FORMAT = dwarf;
				ENABLE_STRICT_OBJC_MSGSEND = YES;
				ENABLE_TESTABILITY = YES;
				GCC_C_LANGUAGE_STANDARD = gnu11;
				GCC_DYNAMIC_NO_PIC = NO;
				GCC_NO_COMMON_BLOCKS = YES;
				GCC_OPTIMIZATION_LEVEL = 0;
				GCC_PREPROCESSOR_DEFINITIONS = (
					"DEBUG=1",
					"$(inherited)",
				);
				GCC_WARN_64_TO_32_BIT_CONVERSION = YES;
				GCC_WARN_ABOUT_RETURN_TYPE = YES_ERROR;
				GCC_WARN_UNDECLARED_SELECTOR = YES;
				GCC_WARN_UNINITIALIZED_AUTOS = YES_AGGRESSIVE;
				GCC_WARN_UNUSED_FUNCTION = YES;
				GCC_WARN_UNUSED_VARIABLE = YES;
				IPHONEOS_DEPLOYMENT_TARGET = 13.2;
				MTL_ENABLE_DEBUG_INFO = INCLUDE_SOURCE;
				MTL_FAST_MATH = YES;
				ONLY_ACTIVE_ARCH = YES;
				SDKROOT = iphoneos;
				SWIFT_ACTIVE_COMPILATION_CONDITIONS = DEBUG;
				SWIFT_OPTIMIZATION_LEVEL = "-Onone";
			};
			name = Debug;
		};
		DF0607BE23A1E09800AEC1EF /* Release */ = {
			isa = XCBuildConfiguration;
			buildSettings = {
				ALWAYS_SEARCH_USER_PATHS = NO;
				CLANG_ANALYZER_NONNULL = YES;
				CLANG_ANALYZER_NUMBER_OBJECT_CONVERSION = YES_AGGRESSIVE;
				CLANG_CXX_LANGUAGE_STANDARD = "gnu++14";
				CLANG_CXX_LIBRARY = "libc++";
				CLANG_ENABLE_MODULES = YES;
				CLANG_ENABLE_OBJC_ARC = YES;
				CLANG_ENABLE_OBJC_WEAK = YES;
				CLANG_WARN_BLOCK_CAPTURE_AUTORELEASING = YES;
				CLANG_WARN_BOOL_CONVERSION = YES;
				CLANG_WARN_COMMA = YES;
				CLANG_WARN_CONSTANT_CONVERSION = YES;
				CLANG_WARN_DEPRECATED_OBJC_IMPLEMENTATIONS = YES;
				CLANG_WARN_DIRECT_OBJC_ISA_USAGE = YES_ERROR;
				CLANG_WARN_DOCUMENTATION_COMMENTS = YES;
				CLANG_WARN_EMPTY_BODY = YES;
				CLANG_WARN_ENUM_CONVERSION = YES;
				CLANG_WARN_INFINITE_RECURSION = YES;
				CLANG_WARN_INT_CONVERSION = YES;
				CLANG_WARN_NON_LITERAL_NULL_CONVERSION = YES;
				CLANG_WARN_OBJC_IMPLICIT_RETAIN_SELF = YES;
				CLANG_WARN_OBJC_LITERAL_CONVERSION = YES;
				CLANG_WARN_OBJC_ROOT_CLASS = YES_ERROR;
				CLANG_WARN_RANGE_LOOP_ANALYSIS = YES;
				CLANG_WARN_STRICT_PROTOTYPES = YES;
				CLANG_WARN_SUSPICIOUS_MOVE = YES;
				CLANG_WARN_UNGUARDED_AVAILABILITY = YES_AGGRESSIVE;
				CLANG_WARN_UNREACHABLE_CODE = YES;
				CLANG_WARN__DUPLICATE_METHOD_MATCH = YES;
				COPY_PHASE_STRIP = NO;
				DEBUG_INFORMATION_FORMAT = "dwarf-with-dsym";
				ENABLE_NS_ASSERTIONS = NO;
				ENABLE_STRICT_OBJC_MSGSEND = YES;
				GCC_C_LANGUAGE_STANDARD = gnu11;
				GCC_NO_COMMON_BLOCKS = YES;
				GCC_WARN_64_TO_32_BIT_CONVERSION = YES;
				GCC_WARN_ABOUT_RETURN_TYPE = YES_ERROR;
				GCC_WARN_UNDECLARED_SELECTOR = YES;
				GCC_WARN_UNINITIALIZED_AUTOS = YES_AGGRESSIVE;
				GCC_WARN_UNUSED_FUNCTION = YES;
				GCC_WARN_UNUSED_VARIABLE = YES;
				IPHONEOS_DEPLOYMENT_TARGET = 13.2;
				MTL_ENABLE_DEBUG_INFO = NO;
				MTL_FAST_MATH = YES;
				SDKROOT = iphoneos;
				SWIFT_COMPILATION_MODE = wholemodule;
				SWIFT_OPTIMIZATION_LEVEL = "-O";
				VALIDATE_PRODUCT = YES;
			};
			name = Release;
		};
		DF0607C023A1E09800AEC1EF /* Debug */ = {
			isa = XCBuildConfiguration;
			buildSettings = {
				ASSETCATALOG_COMPILER_APPICON_NAME = AppIcon;
				CODE_SIGN_STYLE = Automatic;
				DEVELOPMENT_ASSET_PATHS = "\"BoringAI/Resources\"";
				DEVELOPMENT_TEAM = 54KK293V84;
				ENABLE_PREVIEWS = YES;
				INFOPLIST_FILE = BoringAI/Resources/Info.plist;
				LD_RUNPATH_SEARCH_PATHS = (
					"$(inherited)",
					"@executable_path/Frameworks",
				);
				PRODUCT_BUNDLE_IDENTIFIER = com.tangpian.BoringAI;
				PRODUCT_NAME = "$(TARGET_NAME)";
				SWIFT_VERSION = 5.0;
				TARGETED_DEVICE_FAMILY = "1,2";
			};
			name = Debug;
		};
		DF0607C123A1E09800AEC1EF /* Release */ = {
			isa = XCBuildConfiguration;
			buildSettings = {
				ASSETCATALOG_COMPILER_APPICON_NAME = AppIcon;
				CODE_SIGN_STYLE = Automatic;
				DEVELOPMENT_ASSET_PATHS = "\"BoringAI/Resources\"";
				DEVELOPMENT_TEAM = 54KK293V84;
				ENABLE_PREVIEWS = YES;
				INFOPLIST_FILE = BoringAI/Resources/Info.plist;
				LD_RUNPATH_SEARCH_PATHS = (
					"$(inherited)",
					"@executable_path/Frameworks",
				);
				PRODUCT_BUNDLE_IDENTIFIER = com.tangpian.BoringAI;
				PRODUCT_NAME = "$(TARGET_NAME)";
				SWIFT_VERSION = 5.0;
				TARGETED_DEVICE_FAMILY = "1,2";
			};
			name = Release;
		};
/* End XCBuildConfiguration section */

/* Begin XCConfigurationList section */
		DF0607A623A1E09600AEC1EF /* Build configuration list for PBXProject "BoringAI" */ = {
			isa = XCConfigurationList;
			buildConfigurations = (
				DF0607BD23A1E09800AEC1EF /* Debug */,
				DF0607BE23A1E09800AEC1EF /* Release */,
			);
			defaultConfigurationIsVisible = 0;
			defaultConfigurationName = Release;
		};
		DF0607BF23A1E09800AEC1EF /* Build configuration list for PBXNativeTarget "BoringAI" */ = {
			isa = XCConfigurationList;
			buildConfigurations = (
				DF0607C023A1E09800AEC1EF /* Debug */,
				DF0607C123A1E09800AEC1EF /* Release */,
			);
			defaultConfigurationIsVisible = 0;
			defaultConfigurationName = Release;
		};
/* End XCConfigurationList section */
	};
	rootObject = DF0607A323A1E09600AEC1EF /* Project object */;
}
